
Microsoft Visual Studio Solution File, Format Version 12.00
# Visual Studio 15
VisualStudioVersion = 15.0.28307.705
MinimumVisualStudioVersion = 10.0.40219.1
Project("{FAE04EC0-301F-11D3-BF4B-00C04F79EFBC}") = "Sveyko.B1RADIO", "Sveyko.B1RADIO\Sveyko.B1RADIO.csproj", "{BE2B7C9E-C398-4DB0-A27C-3A00B1265155}"
EndProject
Global
	GlobalSection(SolutionConfigurationPlatforms) = preSolution
		Debug|Any CPU = Debug|Any CPU
		Release|Any CPU = Release|Any CPU
	EndGlobalSection
	GlobalSection(ProjectConfigurationPlatforms) = postSolution
		{BE2B7C9E-C398-4DB0-A27C-3A00B1265155}.Debug|Any CPU.ActiveCfg = Debug|Any CPU
		{BE2B7C9E-C398-4DB0-A27C-3A00B1265155}.Debug|Any CPU.Build.0 = Debug|Any CPU
		{BE2B7C9E-C398-4DB0-A27C-3A00B1265155}.Release|Any CPU.ActiveCfg = Release|Any CPU
		{BE2B7C9E-C398-4DB0-A27C-3A00B1265155}.Release|Any CPU.Build.0 = Release|Any CPU
	EndGlobalSection
	GlobalSection(SolutionProperties) = preSolution
		HideSolutionNode = FALSE
	EndGlobalSection
	GlobalSection(ExtensibilityGlobals) = postSolution
		SolutionGuid = {7D4471B1-E8B4-45C6-B373-D2ED7607E8BF}
	EndGlobalSection
EndGlobal
